
Microsoft Visual Studio Solution File, Format Version 12.00
# Visual Studio Version 17
VisualStudioVersion = 17.9.34728.123
MinimumVisualStudioVersion = 10.0.40219.1
Project("{FAE04EC0-301F-11D3-BF4B-00C04F79EFBC}") = "TransportDepotAPI", "TransportDepotAPI\TransportDepotAPI.csproj", "{C2D99950-D228-4084-9D17-FF83D9FE232B}"
EndProject
Global
	GlobalSection(SolutionConfigurationPlatforms) = preSolution
		Debug|Any CPU = Debug|Any CPU
		Release|Any CPU = Release|Any CPU
	EndGlobalSection
	GlobalSection(ProjectConfigurationPlatforms) = postSolution
		{C2D99950-D228-4084-9D17-FF83D9FE232B}.Debug|Any CPU.ActiveCfg = Debug|Any CPU
		{C2D99950-D228-4084-9D17-FF83D9FE232B}.Debug|Any CPU.Build.0 = Debug|Any CPU
		{C2D99950-D228-4084-9D17-FF83D9FE232B}.Release|Any CPU.ActiveCfg = Release|Any CPU
		{C2D99950-D228-4084-9D17-FF83D9FE232B}.Release|Any CPU.Build.0 = Release|Any CPU
	EndGlobalSection
	GlobalSection(SolutionProperties) = preSolution
		HideSolutionNode = FALSE
	EndGlobalSection
	GlobalSection(ExtensibilityGlobals) = postSolution
		SolutionGuid = {E26C2809-E5EC-4713-93F5-A54998D6EE6C}
	EndGlobalSection
EndGlobal
